// !$*UTF8*$!
{
	archiveVersion = 1;
	classes = {
	};
	objectVersion = 55;
	objects = {

/* Begin PBXBuildFile section */
		D5AF988A28B7180300CFCB2D /* Stamina Bar.app in Embed Watch Content */ = {isa = PBXBuildFile; fileRef = D5AF988928B7180300CFCB2D /* Stamina Bar.app */; settings = {ATTRIBUTES = (RemoveHeadersOnCopy, ); }; };
		D5AF988F28B7180400CFCB2D /* Assets.xcassets in Resources */ = {isa = PBXBuildFile; fileRef = D5AF988E28B7180400CFCB2D /* Assets.xcassets */; };
		D5AF989528B7180500CFCB2D /* Stamina Bar WatchKit Extension.appex in Embed App Extensions */ = {isa = PBXBuildFile; fileRef = D5AF989428B7180500CFCB2D /* Stamina Bar WatchKit Extension.appex */; settings = {ATTRIBUTES = (RemoveHeadersOnCopy, ); }; };
		D5AF989A28B7180500CFCB2D /* ContentView.swift in Sources */ = {isa = PBXBuildFile; fileRef = D5AF989928B7180500CFCB2D /* ContentView.swift */; };
		D5AF989C28B7180500CFCB2D /* Stamina_BarApp.swift in Sources */ = {isa = PBXBuildFile; fileRef = D5AF989B28B7180500CFCB2D /* Stamina_BarApp.swift */; };
		D5AF989E28B7180500CFCB2D /* ComplicationController.swift in Sources */ = {isa = PBXBuildFile; fileRef = D5AF989D28B7180500CFCB2D /* ComplicationController.swift */; };
		D5AF98A028B7180600CFCB2D /* Assets.xcassets in Resources */ = {isa = PBXBuildFile; fileRef = D5AF989F28B7180600CFCB2D /* Assets.xcassets */; };
		D5AF98A328B7180600CFCB2D /* Preview Assets.xcassets in Resources */ = {isa = PBXBuildFile; fileRef = D5AF98A228B7180600CFCB2D /* Preview Assets.xcassets */; };
		D5AF98B528B7257500CFCB2D /* HealthKit.framework in Frameworks */ = {isa = PBXBuildFile; fileRef = D5AF98B428B7257500CFCB2D /* HealthKit.framework */; };
		D5AF98B728B7286400CFCB2D /* HeartRateMesurementView.swift in Sources */ = {isa = PBXBuildFile; fileRef = D5AF98B628B7286400CFCB2D /* HeartRateMesurementView.swift */; };
		D5AF98B928B7287900CFCB2D /* CurrentHeartRateView.swift in Sources */ = {isa = PBXBuildFile; fileRef = D5AF98B828B7287900CFCB2D /* CurrentHeartRateView.swift */; };
		D5AF98BB28B7289000CFCB2D /* HeartRateMeasurementServices.swift in Sources */ = {isa = PBXBuildFile; fileRef = D5AF98BA28B7289000CFCB2D /* HeartRateMeasurementServices.swift */; };
/* End PBXBuildFile section */

/* Begin PBXContainerItemProxy section */
		D5AF988B28B7180300CFCB2D /* PBXContainerItemProxy */ = {
			isa = PBXContainerItemProxy;
			containerPortal = D5AF987F28B7180300CFCB2D /* Project object */;
			proxyType = 1;
			remoteGlobalIDString = D5AF988828B7180300CFCB2D;
			remoteInfo = "Stamina Bar WatchKit App";
		};
		D5AF989628B7180500CFCB2D /* PBXContainerItemProxy */ = {
			isa = PBXContainerItemProxy;
			containerPortal = D5AF987F28B7180300CFCB2D /* Project object */;
			proxyType = 1;
			remoteGlobalIDString = D5AF989328B7180500CFCB2D;
			remoteInfo = "Stamina Bar WatchKit Extension";
		};
/* End PBXContainerItemProxy section */

/* Begin PBXCopyFilesBuildPhase section */
		D5AF98AA28B7180600CFCB2D /* Embed App Extensions */ = {
			isa = PBXCopyFilesBuildPhase;
			buildActionMask = 2147483647;
			dstPath = "";
			dstSubfolderSpec = 13;
			files = (
				D5AF989528B7180500CFCB2D /* Stamina Bar WatchKit Extension.appex in Embed App Extensions */,
			);
			name = "Embed App Extensions";
			runOnlyForDeploymentPostprocessing = 0;
		};
		D5AF98AE28B7180600CFCB2D /* Embed Watch Content */ = {
			isa = PBXCopyFilesBuildPhase;
			buildActionMask = 2147483647;
			dstPath = "$(CONTENTS_FOLDER_PATH)/Watch";
			dstSubfolderSpec = 16;
			files = (
				D5AF988A28B7180300CFCB2D /* Stamina Bar.app in Embed Watch Content */,
			);
			name = "Embed Watch Content";
			runOnlyForDeploymentPostprocessing = 0;
		};
/* End PBXCopyFilesBuildPhase section */

/* Begin PBXFileReference section */
		D5AF988528B7180300CFCB2D /* Stamina Bar.app */ = {isa = PBXFileReference; explicitFileType = wrapper.application; includeInIndex = 0; path = "Stamina Bar.app"; sourceTree = BUILT_PRODUCTS_DIR; };
		D5AF988928B7180300CFCB2D /* Stamina Bar.app */ = {isa = PBXFileReference; explicitFileType = wrapper.application; includeInIndex = 0; path = "Stamina Bar.app"; sourceTree = BUILT_PRODUCTS_DIR; };
		D5AF988E28B7180400CFCB2D /* Assets.xcassets */ = {isa = PBXFileReference; lastKnownFileType = folder.assetcatalog; path = Assets.xcassets; sourceTree = "<group>"; };
		D5AF989428B7180500CFCB2D /* Stamina Bar WatchKit Extension.appex */ = {isa = PBXFileReference; explicitFileType = "wrapper.app-extension"; includeInIndex = 0; path = "Stamina Bar WatchKit Extension.appex"; sourceTree = BUILT_PRODUCTS_DIR; };
		D5AF989928B7180500CFCB2D /* ContentView.swift */ = {isa = PBXFileReference; lastKnownFileType = sourcecode.swift; path = ContentView.swift; sourceTree = "<group>"; };
		D5AF989B28B7180500CFCB2D /* Stamina_BarApp.swift */ = {isa = PBXFileReference; lastKnownFileType = sourcecode.swift; path = Stamina_BarApp.swift; sourceTree = "<group>"; };
		D5AF989D28B7180500CFCB2D /* ComplicationController.swift */ = {isa = PBXFileReference; lastKnownFileType = sourcecode.swift; path = ComplicationController.swift; sourceTree = "<group>"; };
		D5AF989F28B7180600CFCB2D /* Assets.xcassets */ = {isa = PBXFileReference; lastKnownFileType = folder.assetcatalog; path = Assets.xcassets; sourceTree = "<group>"; };
		D5AF98A228B7180600CFCB2D /* Preview Assets.xcassets */ = {isa = PBXFileReference; lastKnownFileType = folder.assetcatalog; path = "Preview Assets.xcassets"; sourceTree = "<group>"; };
		D5AF98A428B7180600CFCB2D /* Info.plist */ = {isa = PBXFileReference; lastKnownFileType = text.plist.xml; path = Info.plist; sourceTree = "<group>"; };
		D5AF98B228B7257500CFCB2D /* Stamina Bar WatchKit Extension.entitlements */ = {isa = PBXFileReference; lastKnownFileType = text.plist.entitlements; path = "Stamina Bar WatchKit Extension.entitlements"; sourceTree = "<group>"; };
		D5AF98B428B7257500CFCB2D /* HealthKit.framework */ = {isa = PBXFileReference; lastKnownFileType = wrapper.framework; name = HealthKit.framework; path = Platforms/WatchOS.platform/Developer/SDKs/WatchOS8.5.sdk/System/Library/Frameworks/HealthKit.framework; sourceTree = DEVELOPER_DIR; };
		D5AF98B628B7286400CFCB2D /* HeartRateMesurementView.swift */ = {isa = PBXFileReference; lastKnownFileType = sourcecode.swift; path = HeartRateMesurementView.swift; sourceTree = "<group>"; };
		D5AF98B828B7287900CFCB2D /* CurrentHeartRateView.swift */ = {isa = PBXFileReference; lastKnownFileType = sourcecode.swift; path = CurrentHeartRateView.swift; sourceTree = "<group>"; };
		D5AF98BA28B7289000CFCB2D /* HeartRateMeasurementServices.swift */ = {isa = PBXFileReference; lastKnownFileType = sourcecode.swift; path = HeartRateMeasurementServices.swift; sourceTree = "<group>"; };
/* End PBXFileReference section */

/* Begin PBXFrameworksBuildPhase section */
		D5AF989128B7180500CFCB2D /* Frameworks */ = {
			isa = PBXFrameworksBuildPhase;
			buildActionMask = 2147483647;
			files = (
				D5AF98B528B7257500CFCB2D /* HealthKit.framework in Frameworks */,
			);
			runOnlyForDeploymentPostprocessing = 0;
		};
/* End PBXFrameworksBuildPhase section */

/* Begin PBXGroup section */
		D5AF987E28B7180300CFCB2D = {
			isa = PBXGroup;
			children = (
				D5AF988D28B7180300CFCB2D /* Stamina Bar WatchKit App */,
				D5AF989828B7180500CFCB2D /* Stamina Bar WatchKit Extension */,
				D5AF988628B7180300CFCB2D /* Products */,
				D5AF98B328B7257500CFCB2D /* Frameworks */,
			);
			sourceTree = "<group>";
		};
		D5AF988628B7180300CFCB2D /* Products */ = {
			isa = PBXGroup;
			children = (
				D5AF988528B7180300CFCB2D /* Stamina Bar.app */,
				D5AF988928B7180300CFCB2D /* Stamina Bar.app */,
				D5AF989428B7180500CFCB2D /* Stamina Bar WatchKit Extension.appex */,
			);
			name = Products;
			sourceTree = "<group>";
		};
		D5AF988D28B7180300CFCB2D /* Stamina Bar WatchKit App */ = {
			isa = PBXGroup;
			children = (
				D5AF988E28B7180400CFCB2D /* Assets.xcassets */,
			);
			path = "Stamina Bar WatchKit App";
			sourceTree = "<group>";
		};
		D5AF989828B7180500CFCB2D /* Stamina Bar WatchKit Extension */ = {
			isa = PBXGroup;
			children = (
				D5AF98B228B7257500CFCB2D /* Stamina Bar WatchKit Extension.entitlements */,
				D5AF989928B7180500CFCB2D /* ContentView.swift */,
				D5AF989B28B7180500CFCB2D /* Stamina_BarApp.swift */,
				D5AF98B628B7286400CFCB2D /* HeartRateMesurementView.swift */,
				D5AF98B828B7287900CFCB2D /* CurrentHeartRateView.swift */,
				D5AF98BA28B7289000CFCB2D /* HeartRateMeasurementServices.swift */,
				D5AF989D28B7180500CFCB2D /* ComplicationController.swift */,
				D5AF989F28B7180600CFCB2D /* Assets.xcassets */,
				D5AF98A428B7180600CFCB2D /* Info.plist */,
				D5AF98A128B7180600CFCB2D /* Preview Content */,
			);
			path = "Stamina Bar WatchKit Extension";
			sourceTree = "<group>";
		};
		D5AF98A128B7180600CFCB2D /* Preview Content */ = {
			isa = PBXGroup;
			children = (
				D5AF98A228B7180600CFCB2D /* Preview Assets.xcassets */,
			);
			path = "Preview Content";
			sourceTree = "<group>";
		};
		D5AF98B328B7257500CFCB2D /* Frameworks */ = {
			isa = PBXGroup;
			children = (
				D5AF98B428B7257500CFCB2D /* HealthKit.framework */,
			);
			name = Frameworks;
			sourceTree = "<group>";
		};
/* End PBXGroup section */

/* Begin PBXNativeTarget section */
		D5AF988428B7180300CFCB2D /* Stamina Bar */ = {
			isa = PBXNativeTarget;
			buildConfigurationList = D5AF98AF28B7180600CFCB2D /* Build configuration list for PBXNativeTarget "Stamina Bar" */;
			buildPhases = (
				D5AF988328B7180300CFCB2D /* Resources */,
				D5AF98AE28B7180600CFCB2D /* Embed Watch Content */,
			);
			buildRules = (
			);
			dependencies = (
				D5AF988C28B7180300CFCB2D /* PBXTargetDependency */,
			);
			name = "Stamina Bar";
			productName = "Stamina Bar";
			productReference = D5AF988528B7180300CFCB2D /* Stamina Bar.app */;
			productType = "com.apple.product-type.application.watchapp2-container";
		};
		D5AF988828B7180300CFCB2D /* Stamina Bar WatchKit App */ = {
			isa = PBXNativeTarget;
			buildConfigurationList = D5AF98AB28B7180600CFCB2D /* Build configuration list for PBXNativeTarget "Stamina Bar WatchKit App" */;
			buildPhases = (
				D5AF988728B7180300CFCB2D /* Resources */,
				D5AF98AA28B7180600CFCB2D /* Embed App Extensions */,
			);
			buildRules = (
			);
			dependencies = (
				D5AF989728B7180500CFCB2D /* PBXTargetDependency */,
			);
			name = "Stamina Bar WatchKit App";
			productName = "Stamina Bar WatchKit App";
			productReference = D5AF988928B7180300CFCB2D /* Stamina Bar.app */;
			productType = "com.apple.product-type.application.watchapp2";
		};
		D5AF989328B7180500CFCB2D /* Stamina Bar WatchKit Extension */ = {
			isa = PBXNativeTarget;
			buildConfigurationList = D5AF98A728B7180600CFCB2D /* Build configuration list for PBXNativeTarget "Stamina Bar WatchKit Extension" */;
			buildPhases = (
				D5AF989028B7180500CFCB2D /* Sources */,
				D5AF989128B7180500CFCB2D /* Frameworks */,
				D5AF989228B7180500CFCB2D /* Resources */,
			);
			buildRules = (
			);
			dependencies = (
			);
			name = "Stamina Bar WatchKit Extension";
			productName = "Stamina Bar WatchKit Extension";
			productReference = D5AF989428B7180500CFCB2D /* Stamina Bar WatchKit Extension.appex */;
			productType = "com.apple.product-type.watchkit2-extension";
		};
/* End PBXNativeTarget section */

/* Begin PBXProject section */
		D5AF987F28B7180300CFCB2D /* Project object */ = {
			isa = PBXProject;
			attributes = {
				BuildIndependentTargetsInParallel = 1;
				LastSwiftUpdateCheck = 1340;
				LastUpgradeCheck = 1340;
				TargetAttributes = {
					D5AF988428B7180300CFCB2D = {
						CreatedOnToolsVersion = 13.4.1;
					};
					D5AF988828B7180300CFCB2D = {
						CreatedOnToolsVersion = 13.4.1;
					};
					D5AF989328B7180500CFCB2D = {
						CreatedOnToolsVersion = 13.4.1;
					};
				};
			};
			buildConfigurationList = D5AF988228B7180300CFCB2D /* Build configuration list for PBXProject "Stamina Bar" */;
			compatibilityVersion = "Xcode 13.0";
			developmentRegion = en;
			hasScannedForEncodings = 0;
			knownRegions = (
				en,
				Base,
			);
			mainGroup = D5AF987E28B7180300CFCB2D;
			productRefGroup = D5AF988628B7180300CFCB2D /* Products */;
			projectDirPath = "";
			projectRoot = "";
			targets = (
				D5AF988428B7180300CFCB2D /* Stamina Bar */,
				D5AF988828B7180300CFCB2D /* Stamina Bar WatchKit App */,
				D5AF989328B7180500CFCB2D /* Stamina Bar WatchKit Extension */,
			);
		};
/* End PBXProject section */

/* Begin PBXResourcesBuildPhase section */
		D5AF988328B7180300CFCB2D /* Resources */ = {
			isa = PBXResourcesBuildPhase;
			buildActionMask = 2147483647;
			files = (
			);
			runOnlyForDeploymentPostprocessing = 0;
		};
		D5AF988728B7180300CFCB2D /* Resources */ = {
			isa = PBXResourcesBuildPhase;
			buildActionMask = 2147483647;
			files = (
				D5AF988F28B7180400CFCB2D /* Assets.xcassets in Resources */,
			);
			runOnlyForDeploymentPostprocessing = 0;
		};
		D5AF989228B7180500CFCB2D /* Resources */ = {
			isa = PBXResourcesBuildPhase;
			buildActionMask = 2147483647;
			files = (
				D5AF98A328B7180600CFCB2D /* Preview Assets.xcassets in Resources */,
				D5AF98A028B7180600CFCB2D /* Assets.xcassets in Resources */,
			);
			runOnlyForDeploymentPostprocessing = 0;
		};
/* End PBXResourcesBuildPhase section */

/* Begin PBXSourcesBuildPhase section */
		D5AF989028B7180500CFCB2D /* Sources */ = {
			isa = PBXSourcesBuildPhase;
			buildActionMask = 2147483647;
			files = (
				D5AF98B928B7287900CFCB2D /* CurrentHeartRateView.swift in Sources */,
				D5AF98B728B7286400CFCB2D /* HeartRateMesurementView.swift in Sources */,
				D5AF989A28B7180500CFCB2D /* ContentView.swift in Sources */,
				D5AF989C28B7180500CFCB2D /* Stamina_BarApp.swift in Sources */,
				D5AF989E28B7180500CFCB2D /* ComplicationController.swift in Sources */,
				D5AF98BB28B7289000CFCB2D /* HeartRateMeasurementServices.swift in Sources */,
			);
			runOnlyForDeploymentPostprocessing = 0;
		};
/* End PBXSourcesBuildPhase section */

/* Begin PBXTargetDependency section */
		D5AF988C28B7180300CFCB2D /* PBXTargetDependency */ = {
			isa = PBXTargetDependency;
			target = D5AF988828B7180300CFCB2D /* Stamina Bar WatchKit App */;
			targetProxy = D5AF988B28B7180300CFCB2D /* PBXContainerItemProxy */;
		};
		D5AF989728B7180500CFCB2D /* PBXTargetDependency */ = {
			isa = PBXTargetDependency;
			target = D5AF989328B7180500CFCB2D /* Stamina Bar WatchKit Extension */;
			targetProxy = D5AF989628B7180500CFCB2D /* PBXContainerItemProxy */;
		};
/* End PBXTargetDependency section */

/* Begin XCBuildConfiguration section */
		D5AF98A528B7180600CFCB2D /* Debug */ = {
			isa = XCBuildConfiguration;
			buildSettings = {
				ALWAYS_SEARCH_USER_PATHS = NO;
				CLANG_ANALYZER_NONNULL = YES;
				CLANG_ANALYZER_NUMBER_OBJECT_CONVERSION = YES_AGGRESSIVE;
				CLANG_CXX_LANGUAGE_STANDARD = "gnu++17";
				CLANG_ENABLE_MODULES = YES;
				CLANG_ENABLE_OBJC_ARC = YES;
				CLANG_ENABLE_OBJC_WEAK = YES;
				CLANG_WARN_BLOCK_CAPTURE_AUTORELEASING = YES;
				CLANG_WARN_BOOL_CONVERSION = YES;
				CLANG_WARN_COMMA = YES;
				CLANG_WARN_CONSTANT_CONVERSION = YES;
				CLANG_WARN_DEPRECATED_OBJC_IMPLEMENTATIONS = YES;
				CLANG_WARN_DIRECT_OBJC_ISA_USAGE = YES_ERROR;
				CLANG_WARN_DOCUMENTATION_COMMENTS = YES;
				CLANG_WARN_EMPTY_BODY = YES;
				CLANG_WARN_ENUM_CONVERSION = YES;
				CLANG_WARN_INFINITE_RECURSION = YES;
				CLANG_WARN_INT_CONVERSION = YES;
				CLANG_WARN_NON_LITERAL_NULL_CONVERSION = YES;
				CLANG_WARN_OBJC_IMPLICIT_RETAIN_SELF = YES;
				CLANG_WARN_OBJC_LITERAL_CONVERSION = YES;
				CLANG_WARN_OBJC_ROOT_CLASS = YES_ERROR;
				CLANG_WARN_QUOTED_INCLUDE_IN_FRAMEWORK_HEADER = YES;
				CLANG_WARN_RANGE_LOOP_ANALYSIS = YES;
				CLANG_WARN_STRICT_PROTOTYPES = YES;
				CLANG_WARN_SUSPICIOUS_MOVE = YES;
				CLANG_WARN_UNGUARDED_AVAILABILITY = YES_AGGRESSIVE;
				CLANG_WARN_UNREACHABLE_CODE = YES;
				CLANG_WARN__DUPLICATE_METHOD_MATCH = YES;
				COPY_PHASE_STRIP = NO;
				DEBUG_INFORMATION_FORMAT = dwarf;
				ENABLE_STRICT_OBJC_MSGSEND = YES;
				ENABLE_TESTABILITY = YES;
				GCC_C_LANGUAGE_STANDARD = gnu11;
				GCC_DYNAMIC_NO_PIC = NO;
				GCC_NO_COMMON_BLOCKS = YES;
				GCC_OPTIMIZATION_LEVEL = 0;
				GCC_PREPROCESSOR_DEFINITIONS = (
					"DEBUG=1",
					"$(inherited)",
				);
				GCC_WARN_64_TO_32_BIT_CONVERSION = YES;
				GCC_WARN_ABOUT_RETURN_TYPE = YES_ERROR;
				GCC_WARN_UNDECLARED_SELECTOR = YES;
				GCC_WARN_UNINITIALIZED_AUTOS = YES_AGGRESSIVE;
				GCC_WARN_UNUSED_FUNCTION = YES;
				GCC_WARN_UNUSED_VARIABLE = YES;
				MTL_ENABLE_DEBUG_INFO = INCLUDE_SOURCE;
				MTL_FAST_MATH = YES;
				ONLY_ACTIVE_ARCH = YES;
				SDKROOT = iphoneos;
				SWIFT_ACTIVE_COMPILATION_CONDITIONS = DEBUG;
				SWIFT_OPTIMIZATION_LEVEL = "-Onone";
			};
			name = Debug;
		};
		D5AF98A628B7180600CFCB2D /* Release */ = {
			isa = XCBuildConfiguration;
			buildSettings = {
				ALWAYS_SEARCH_USER_PATHS = NO;
				CLANG_ANALYZER_NONNULL = YES;
				CLANG_ANALYZER_NUMBER_OBJECT_CONVERSION = YES_AGGRESSIVE;
				CLANG_CXX_LANGUAGE_STANDARD = "gnu++17";
				CLANG_ENABLE_MODULES = YES;
				CLANG_ENABLE_OBJC_ARC = YES;
				CLANG_ENABLE_OBJC_WEAK = YES;
				CLANG_WARN_BLOCK_CAPTURE_AUTORELEASING = YES;
				CLANG_WARN_BOOL_CONVERSION = YES;
				CLANG_WARN_COMMA = YES;
				CLANG_WARN_CONSTANT_CONVERSION = YES;
				CLANG_WARN_DEPRECATED_OBJC_IMPLEMENTATIONS = YES;
				CLANG_WARN_DIRECT_OBJC_ISA_USAGE = YES_ERROR;
				CLANG_WARN_DOCUMENTATION_COMMENTS = YES;
				CLANG_WARN_EMPTY_BODY = YES;
				CLANG_WARN_ENUM_CONVERSION = YES;
				CLANG_WARN_INFINITE_RECURSION = YES;
				CLANG_WARN_INT_CONVERSION = YES;
				CLANG_WARN_NON_LITERAL_NULL_CONVERSION = YES;
				CLANG_WARN_OBJC_IMPLICIT_RETAIN_SELF = YES;
				CLANG_WARN_OBJC_LITERAL_CONVERSION = YES;
				CLANG_WARN_OBJC_ROOT_CLASS = YES_ERROR;
				CLANG_WARN_QUOTED_INCLUDE_IN_FRAMEWORK_HEADER = YES;
				CLANG_WARN_RANGE_LOOP_ANALYSIS = YES;
				CLANG_WARN_STRICT_PROTOTYPES = YES;
				CLANG_WARN_SUSPICIOUS_MOVE = YES;
				CLANG_WARN_UNGUARDED_AVAILABILITY = YES_AGGRESSIVE;
				CLANG_WARN_UNREACHABLE_CODE = YES;
				CLANG_WARN__DUPLICATE_METHOD_MATCH = YES;
				COPY_PHASE_STRIP = NO;
				DEBUG_INFORMATION_FORMAT = "dwarf-with-dsym";
				ENABLE_NS_ASSERTIONS = NO;
				ENABLE_STRICT_OBJC_MSGSEND = YES;
				GCC_C_LANGUAGE_STANDARD = gnu11;
				GCC_NO_COMMON_BLOCKS = YES;
				GCC_WARN_64_TO_32_BIT_CONVERSION = YES;
				GCC_WARN_ABOUT_RETURN_TYPE = YES_ERROR;
				GCC_WARN_UNDECLARED_SELECTOR = YES;
				GCC_WARN_UNINITIALIZED_AUTOS = YES_AGGRESSIVE;
				GCC_WARN_UNUSED_FUNCTION = YES;
				GCC_WARN_UNUSED_VARIABLE = YES;
				MTL_ENABLE_DEBUG_INFO = NO;
				MTL_FAST_MATH = YES;
				SDKROOT = iphoneos;
				SWIFT_COMPILATION_MODE = wholemodule;
				SWIFT_OPTIMIZATION_LEVEL = "-O";
				VALIDATE_PRODUCT = YES;
			};
			name = Release;
		};
		D5AF98A828B7180600CFCB2D /* Debug */ = {
			isa = XCBuildConfiguration;
			buildSettings = {
				ASSETCATALOG_COMPILER_COMPLICATION_NAME = Complication;
				CODE_SIGN_ENTITLEMENTS = "Stamina Bar WatchKit Extension/Stamina Bar WatchKit Extension.entitlements";
				CODE_SIGN_STYLE = Automatic;
				CURRENT_PROJECT_VERSION = 1.3;
				DEVELOPMENT_ASSET_PATHS = "\"Stamina Bar WatchKit Extension/Preview Content\"";
				DEVELOPMENT_TEAM = 339H39SFM9;
				ENABLE_PREVIEWS = YES;
				GENERATE_INFOPLIST_FILE = YES;
				INFOPLIST_FILE = "Stamina Bar WatchKit Extension/Info.plist";
				INFOPLIST_KEY_CFBundleDisplayName = "Stamina Bar WatchKit Extension";
				INFOPLIST_KEY_CLKComplicationPrincipalClass = Stamina_Bar_WatchKit_Extension.ComplicationController;
				INFOPLIST_KEY_NSHealthShareUsageDescription = "Stamina Bar reads your heart rate data to properly calibrate the bar.";
				INFOPLIST_KEY_NSHealthUpdateUsageDescription = "Stamina Bar saves your heart rate data to HealthKit to keep the Stamina Bar calibrated properly.";
				INFOPLIST_KEY_NSHumanReadableCopyright = "";
				INFOPLIST_KEY_WKWatchOnly = YES;
				LD_RUNPATH_SEARCH_PATHS = (
					"$(inherited)",
					"@executable_path/Frameworks",
					"@executable_path/../../Frameworks",
				);
				MARKETING_VERSION = 1.3;
				PRODUCT_BUNDLE_IDENTIFIER = "zellis.Stamina-Bar.watchkitapp.watchkitextension";
				PRODUCT_NAME = "${TARGET_NAME}";
				SDKROOT = watchos;
				SKIP_INSTALL = YES;
				SWIFT_EMIT_LOC_STRINGS = YES;
				SWIFT_VERSION = 5.0;
				TARGETED_DEVICE_FAMILY = 4;
				WATCHOS_DEPLOYMENT_TARGET = 8.5;
			};
			name = Debug;
		};
		D5AF98A928B7180600CFCB2D /* Release */ = {
			isa = XCBuildConfiguration;
			buildSettings = {
				ASSETCATALOG_COMPILER_COMPLICATION_NAME = Complication;
				CODE_SIGN_ENTITLEMENTS = "Stamina Bar WatchKit Extension/Stamina Bar WatchKit Extension.entitlements";
				CODE_SIGN_STYLE = Automatic;
				CURRENT_PROJECT_VERSION = 1.3;
				DEVELOPMENT_ASSET_PATHS = "\"Stamina Bar WatchKit Extension/Preview Content\"";
				DEVELOPMENT_TEAM = 339H39SFM9;
				ENABLE_PREVIEWS = YES;
				GENERATE_INFOPLIST_FILE = YES;
				INFOPLIST_FILE = "Stamina Bar WatchKit Extension/Info.plist";
				INFOPLIST_KEY_CFBundleDisplayName = "Stamina Bar WatchKit Extension";
				INFOPLIST_KEY_CLKComplicationPrincipalClass = Stamina_Bar_WatchKit_Extension.ComplicationController;
				INFOPLIST_KEY_NSHealthShareUsageDescription = "Stamina Bar reads your heart rate data to properly calibrate the bar.";
				INFOPLIST_KEY_NSHealthUpdateUsageDescription = "Stamina Bar saves your heart rate data to HealthKit to keep the Stamina Bar calibrated properly.";
				INFOPLIST_KEY_NSHumanReadableCopyright = "";
				INFOPLIST_KEY_WKWatchOnly = YES;
				LD_RUNPATH_SEARCH_PATHS = (
					"$(inherited)",
					"@executable_path/Frameworks",
					"@executable_path/../../Frameworks",
				);
				MARKETING_VERSION = 1.3;
				PRODUCT_BUNDLE_IDENTIFIER = "zellis.Stamina-Bar.watchkitapp.watchkitextension";
				PRODUCT_NAME = "${TARGET_NAME}";
				SDKROOT = watchos;
				SKIP_INSTALL = YES;
				SWIFT_EMIT_LOC_STRINGS = YES;
				SWIFT_VERSION = 5.0;
				TARGETED_DEVICE_FAMILY = 4;
				WATCHOS_DEPLOYMENT_TARGET = 8.5;
			};
			name = Release;
		};
		D5AF98AC28B7180600CFCB2D /* Debug */ = {
			isa = XCBuildConfiguration;
			buildSettings = {
				ALWAYS_EMBED_SWIFT_STANDARD_LIBRARIES = YES;
				ASSETCATALOG_COMPILER_APPICON_NAME = AppIcon;
				ASSETCATALOG_COMPILER_GLOBAL_ACCENT_COLOR_NAME = AccentColor;
				ASSETCATALOG_COMPILER_INCLUDE_ALL_APPICON_ASSETS = NO;
				CODE_SIGN_STYLE = Automatic;
				CURRENT_PROJECT_VERSION = 1.3;
				DEVELOPMENT_TEAM = 339H39SFM9;
				GENERATE_INFOPLIST_FILE = YES;
				IBSC_MODULE = Stamina_Bar_WatchKit_Extension;
				INFOPLIST_KEY_UISupportedInterfaceOrientations = "UIInterfaceOrientationPortrait UIInterfaceOrientationPortraitUpsideDown";
				MARKETING_VERSION = 1.3;
				PRODUCT_BUNDLE_IDENTIFIER = "zellis.Stamina-Bar.watchkitapp";
				PRODUCT_NAME = "Stamina Bar";
				SDKROOT = watchos;
				SKIP_INSTALL = YES;
				SWIFT_EMIT_LOC_STRINGS = YES;
				SWIFT_VERSION = 5.0;
				TARGETED_DEVICE_FAMILY = 4;
				WATCHOS_DEPLOYMENT_TARGET = 8.5;
			};
			name = Debug;
		};
		D5AF98AD28B7180600CFCB2D /* Release */ = {
			isa = XCBuildConfiguration;
			buildSettings = {
				ALWAYS_EMBED_SWIFT_STANDARD_LIBRARIES = YES;
				ASSETCATALOG_COMPILER_APPICON_NAME = AppIcon;
				ASSETCATALOG_COMPILER_GLOBAL_ACCENT_COLOR_NAME = AccentColor;
				ASSETCATALOG_COMPILER_INCLUDE_ALL_APPICON_ASSETS = NO;
				CODE_SIGN_STYLE = Automatic;
				CURRENT_PROJECT_VERSION = 1.3;
				DEVELOPMENT_TEAM = 339H39SFM9;
				GENERATE_INFOPLIST_FILE = YES;
				IBSC_MODULE = Stamina_Bar_WatchKit_Extension;
				INFOPLIST_KEY_UISupportedInterfaceOrientations = "UIInterfaceOrientationPortrait UIInterfaceOrientationPortraitUpsideDown";
				MARKETING_VERSION = 1.3;
				PRODUCT_BUNDLE_IDENTIFIER = "zellis.Stamina-Bar.watchkitapp";
				PRODUCT_NAME = "Stamina Bar";
				SDKROOT = watchos;
				SKIP_INSTALL = YES;
				SWIFT_EMIT_LOC_STRINGS = YES;
				SWIFT_VERSION = 5.0;
				TARGETED_DEVICE_FAMILY = 4;
				WATCHOS_DEPLOYMENT_TARGET = 8.5;
			};
			name = Release;
		};
		D5AF98B028B7180600CFCB2D /* Debug */ = {
			isa = XCBuildConfiguration;
			buildSettings = {
				CODE_SIGN_STYLE = Automatic;
				CURRENT_PROJECT_VERSION = 1.3;
				DEVELOPMENT_TEAM = 339H39SFM9;
				MARKETING_VERSION = 1.3;
				PRODUCT_BUNDLE_IDENTIFIER = "zellis.Stamina-Bar";
				PRODUCT_NAME = "$(TARGET_NAME)";
				SWIFT_VERSION = 5.0;
			};
			name = Debug;
		};
		D5AF98B128B7180600CFCB2D /* Release */ = {
			isa = XCBuildConfiguration;
			buildSettings = {
				CODE_SIGN_STYLE = Automatic;
				CURRENT_PROJECT_VERSION = 1.3;
				DEVELOPMENT_TEAM = 339H39SFM9;
				MARKETING_VERSION = 1.3;
				PRODUCT_BUNDLE_IDENTIFIER = "zellis.Stamina-Bar";
				PRODUCT_NAME = "$(TARGET_NAME)";
				SWIFT_VERSION = 5.0;
			};
			name = Release;
		};
/* End XCBuildConfiguration section */

/* Begin XCConfigurationList section */
		D5AF988228B7180300CFCB2D /* Build configuration list for PBXProject "Stamina Bar" */ = {
			isa = XCConfigurationList;
			buildConfigurations = (
				D5AF98A528B7180600CFCB2D /* Debug */,
				D5AF98A628B7180600CFCB2D /* Release */,
			);
			defaultConfigurationIsVisible = 0;
			defaultConfigurationName = Release;
		};
		D5AF98A728B7180600CFCB2D /* Build configuration list for PBXNativeTarget "Stamina Bar WatchKit Extension" */ = {
			isa = XCConfigurationList;
			buildConfigurations = (
				D5AF98A828B7180600CFCB2D /* Debug */,
				D5AF98A928B7180600CFCB2D /* Release */,
			);
			defaultConfigurationIsVisible = 0;
			defaultConfigurationName = Release;
		};
		D5AF98AB28B7180600CFCB2D /* Build configuration list for PBXNativeTarget "Stamina Bar WatchKit App" */ = {
			isa = XCConfigurationList;
			buildConfigurations = (
				D5AF98AC28B7180600CFCB2D /* Debug */,
				D5AF98AD28B7180600CFCB2D /* Release */,
			);
			defaultConfigurationIsVisible = 0;
			defaultConfigurationName = Release;
		};
		D5AF98AF28B7180600CFCB2D /* Build configuration list for PBXNativeTarget "Stamina Bar" */ = {
			isa = XCConfigurationList;
			buildConfigurations = (
				D5AF98B028B7180600CFCB2D /* Debug */,
				D5AF98B128B7180600CFCB2D /* Release */,
			);
			defaultConfigurationIsVisible = 0;
			defaultConfigurationName = Release;
		};
/* End XCConfigurationList section */
	};
	rootObject = D5AF987F28B7180300CFCB2D /* Project object */;
}
